
Microsoft Visual Studio Solution File, Format Version 12.00
# Visual Studio Version 17
VisualStudioVersion = 17.11.35303.130
MinimumVisualStudioVersion = 10.0.40219.1
Project("{FAE04EC0-301F-11D3-BF4B-00C04F79EFBC}") = "photographyStudio", "photographyStudio\photographyStudio.csproj", "{E2A42FC8-6AED-449B-B9E7-8C96D19BAB60}"
EndProject
Global
	GlobalSection(SolutionConfigurationPlatforms) = preSolution
		Debug|Any CPU = Debug|Any CPU
		Release|Any CPU = Release|Any CPU
	EndGlobalSection
	GlobalSection(ProjectConfigurationPlatforms) = postSolution
		{E2A42FC8-6AED-449B-B9E7-8C96D19BAB60}.Debug|Any CPU.ActiveCfg = Debug|Any CPU
		{E2A42FC8-6AED-449B-B9E7-8C96D19BAB60}.Debug|Any CPU.Build.0 = Debug|Any CPU
		{E2A42FC8-6AED-449B-B9E7-8C96D19BAB60}.Release|Any CPU.ActiveCfg = Release|Any CPU
		{E2A42FC8-6AED-449B-B9E7-8C96D19BAB60}.Release|Any CPU.Build.0 = Release|Any CPU
	EndGlobalSection
	GlobalSection(SolutionProperties) = preSolution
		HideSolutionNode = FALSE
	EndGlobalSection
	GlobalSection(ExtensibilityGlobals) = postSolution
		SolutionGuid = {E18F4FDD-DBCC-4324-8A40-0AF76771E0AE}
	EndGlobalSection
EndGlobal
